{
  "name": "mantra-demo",
  "version": "0.4.1",
  "dependencies": {
    "@sketchpixy/isomorphic-relay-router": {
      "version": "0.8.5",
      "from": "@sketchpixy/isomorphic-relay-router@>=0.8.5 <0.9.0",
      "resolved": "https://registry.npmjs.org/@sketchpixy/isomorphic-relay-router/-/isomorphic-relay-router-0.8.5.tgz"
    },
    "@sketchpixy/react-router-relay": {
      "version": "0.13.4",
      "from": "@sketchpixy/react-router-relay@>=0.13.4 <0.14.0",
      "resolved": "https://registry.npmjs.org/@sketchpixy/react-router-relay/-/react-router-relay-0.13.4.tgz"
    },
    "@sketchpixy/react-router-scroll": {
      "version": "0.3.2",
      "from": "@sketchpixy/react-router-scroll@>=0.3.2 <0.4.0",
      "resolved": "https://registry.npmjs.org/@sketchpixy/react-router-scroll/-/react-router-scroll-0.3.2.tgz"
    },
    "@sketchpixy/redux-fetch-data": {
      "version": "0.1.3",
      "from": "@sketchpixy/redux-fetch-data@>=0.1.3 <0.2.0",
      "resolved": "https://registry.npmjs.org/@sketchpixy/redux-fetch-data/-/redux-fetch-data-0.1.3.tgz"
    },
    "@sketchpixy/rubix": {
      "version": "2.9.11",
      "from": "@sketchpixy/rubix@latest",
      "resolved": "https://registry.npmjs.org/@sketchpixy/rubix/-/rubix-2.9.11.tgz"
    },
    "@sketchpixy/scroll-behavior": {
      "version": "0.8.1",
      "from": "@sketchpixy/scroll-behavior@>=0.8.1 <0.9.0",
      "resolved": "https://registry.npmjs.org/@sketchpixy/scroll-behavior/-/scroll-behavior-0.8.1.tgz"
    },
    "accepts": {
      "version": "1.3.3",
      "from": "accepts@>=1.3.3 <1.4.0",
      "resolved": "https://registry.npmjs.org/accepts/-/accepts-1.3.3.tgz"
    },
    "amdefine": {
      "version": "1.0.0",
      "from": "amdefine@>=0.0.4",
      "resolved": "https://registry.npmjs.org/amdefine/-/amdefine-1.0.0.tgz"
    },
    "ansi-regex": {
      "version": "2.0.0",
      "from": "ansi-regex@>=2.0.0 <3.0.0",
      "resolved": "https://registry.npmjs.org/ansi-regex/-/ansi-regex-2.0.0.tgz"
    },
    "ansi-styles": {
      "version": "2.2.1",
      "from": "ansi-styles@>=2.2.1 <3.0.0",
      "resolved": "https://registry.npmjs.org/ansi-styles/-/ansi-styles-2.2.1.tgz"
    },
    "asap": {
      "version": "2.0.5",
      "from": "asap@>=2.0.3 <2.1.0",
      "resolved": "https://registry.npmjs.org/asap/-/asap-2.0.5.tgz"
    },
    "axios": {
      "version": "0.13.1",
      "from": "axios@>=0.13.1 <0.14.0",
      "resolved": "https://registry.npmjs.org/axios/-/axios-0.13.1.tgz"
    },
    "babel-code-frame": {
      "version": "6.16.0",
      "from": "babel-code-frame@>=6.16.0 <7.0.0",
      "resolved": "https://registry.npmjs.org/babel-code-frame/-/babel-code-frame-6.16.0.tgz",
      "dependencies": {
        "js-tokens": {
          "version": "2.0.0",
          "from": "js-tokens@>=2.0.0 <3.0.0",
          "resolved": "https://registry.npmjs.org/js-tokens/-/js-tokens-2.0.0.tgz"
        }
      }
    },
    "babel-messages": {
      "version": "6.8.0",
      "from": "babel-messages@>=6.8.0 <7.0.0",
      "resolved": "https://registry.npmjs.org/babel-messages/-/babel-messages-6.8.0.tgz"
    },
    "babel-relay-plugin": {
      "version": "0.9.3",
      "from": "babel-relay-plugin@>=0.9.1 <0.10.0",
      "resolved": "https://registry.npmjs.org/babel-relay-plugin/-/babel-relay-plugin-0.9.3.tgz"
    },
    "babel-runtime": {
      "version": "6.11.6",
      "from": "babel-runtime@>=6.0.0 <7.0.0",
      "resolved": "https://registry.npmjs.org/babel-runtime/-/babel-runtime-6.11.6.tgz"
    },
    "babel-template": {
      "version": "6.16.0",
      "from": "babel-template@>=6.16.0 <7.0.0",
      "resolved": "https://registry.npmjs.org/babel-template/-/babel-template-6.16.0.tgz"
    },
    "babel-traverse": {
      "version": "6.18.0",
      "from": "babel-traverse@>=6.18.0 <7.0.0",
      "resolved": "https://registry.npmjs.org/babel-traverse/-/babel-traverse-6.18.0.tgz"
    },
    "babel-types": {
      "version": "6.18.0",
      "from": "babel-types@>=6.18.0 <7.0.0",
      "resolved": "https://registry.npmjs.org/babel-types/-/babel-types-6.18.0.tgz"
    },
    "babylon": {
      "version": "6.13.0",
      "from": "babylon@>=6.11.0 <7.0.0",
      "resolved": "https://registry.npmjs.org/babylon/-/babylon-6.13.0.tgz"
    },
    "bytes": {
      "version": "2.4.0",
      "from": "bytes@2.4.0",
      "resolved": "https://registry.npmjs.org/bytes/-/bytes-2.4.0.tgz"
    },
    "chalk": {
      "version": "1.1.3",
      "from": "chalk@>=1.1.3 <2.0.0",
      "resolved": "https://registry.npmjs.org/chalk/-/chalk-1.1.3.tgz",
      "dependencies": {
        "supports-color": {
          "version": "2.0.0",
          "from": "supports-color@>=2.0.0 <3.0.0",
          "resolved": "https://registry.npmjs.org/supports-color/-/supports-color-2.0.0.tgz"
        }
      }
    },
    "classnames": {
      "version": "2.2.5",
      "from": "classnames@>=2.2.3 <3.0.0",
      "resolved": "https://registry.npmjs.org/classnames/-/classnames-2.2.5.tgz"
    },
    "content-type": {
      "version": "1.0.2",
      "from": "content-type@>=1.0.2 <1.1.0",
      "resolved": "https://registry.npmjs.org/content-type/-/content-type-1.0.2.tgz"
    },
    "core-js": {
      "version": "2.4.1",
      "from": "core-js@>=2.4.0 <3.0.0",
      "resolved": "https://registry.npmjs.org/core-js/-/core-js-2.4.1.tgz"
    },
    "debug": {
      "version": "2.2.0",
      "from": "debug@>=2.1.1 <3.0.0",
      "resolved": "https://registry.npmjs.org/debug/-/debug-2.2.0.tgz"
    },
    "dom-helpers": {
      "version": "2.4.0",
      "from": "dom-helpers@>=2.4.0 <3.0.0",
      "resolved": "https://registry.npmjs.org/dom-helpers/-/dom-helpers-2.4.0.tgz"
    },
    "dom-walk": {
      "version": "0.1.1",
      "from": "dom-walk@>=0.1.0 <0.2.0",
      "resolved": "https://registry.npmjs.org/dom-walk/-/dom-walk-0.1.1.tgz"
    },
    "domready": {
      "version": "1.0.8",
      "from": "domready@>=1.0.8 <2.0.0",
      "resolved": "https://registry.npmjs.org/domready/-/domready-1.0.8.tgz"
    },
    "encoding": {
      "version": "0.1.12",
      "from": "encoding@>=0.1.11 <0.2.0",
      "resolved": "https://registry.npmjs.org/encoding/-/encoding-0.1.12.tgz"
    },
    "error-stack-parser": {
      "version": "1.3.6",
      "from": "error-stack-parser@>=1.3.6 <2.0.0",
      "resolved": "https://registry.npmjs.org/error-stack-parser/-/error-stack-parser-1.3.6.tgz"
    },
    "escape-string-regexp": {
      "version": "1.0.5",
      "from": "escape-string-regexp@>=1.0.2 <2.0.0",
      "resolved": "https://registry.npmjs.org/escape-string-regexp/-/escape-string-regexp-1.0.5.tgz"
    },
    "esutils": {
      "version": "2.0.2",
      "from": "esutils@>=2.0.2 <3.0.0",
      "resolved": "https://registry.npmjs.org/esutils/-/esutils-2.0.2.tgz"
    },
    "exec-sh": {
      "version": "0.2.0",
      "from": "exec-sh@>=0.2.0 <0.3.0",
      "resolved": "https://registry.npmjs.org/exec-sh/-/exec-sh-0.2.0.tgz"
    },
    "express-graphql": {
      "version": "0.5.4",
      "from": "express-graphql@>=0.5.3 <0.6.0",
      "resolved": "https://registry.npmjs.org/express-graphql/-/express-graphql-0.5.4.tgz"
    },
    "fbjs": {
      "version": "0.8.5",
      "from": "fbjs@>=0.8.4 <0.9.0",
      "resolved": "https://registry.npmjs.org/fbjs/-/fbjs-0.8.5.tgz",
      "dependencies": {
        "core-js": {
          "version": "1.2.7",
          "from": "core-js@>=1.0.0 <2.0.0",
          "resolved": "https://registry.npmjs.org/core-js/-/core-js-1.2.7.tgz"
        }
      }
    },
    "flux-standard-action": {
      "version": "0.6.1",
      "from": "flux-standard-action@>=0.6.0 <0.7.0",
      "resolved": "https://registry.npmjs.org/flux-standard-action/-/flux-standard-action-0.6.1.tgz"
    },
    "follow-redirects": {
      "version": "0.0.7",
      "from": "follow-redirects@0.0.7",
      "resolved": "https://registry.npmjs.org/follow-redirects/-/follow-redirects-0.0.7.tgz"
    },
    "global": {
      "version": "4.3.1",
      "from": "global@>=4.3.0 <5.0.0",
      "resolved": "https://registry.npmjs.org/global/-/global-4.3.1.tgz",
      "dependencies": {
        "process": {
          "version": "0.5.2",
          "from": "process@>=0.5.1 <0.6.0",
          "resolved": "https://registry.npmjs.org/process/-/process-0.5.2.tgz"
        }
      }
    },
    "globals": {
      "version": "9.12.0",
      "from": "globals@>=9.0.0 <10.0.0",
      "resolved": "https://registry.npmjs.org/globals/-/globals-9.12.0.tgz"
    },
    "graphql": {
      "version": "0.6.2",
      "from": "graphql@>=0.6.0 <0.7.0",
      "resolved": "https://registry.npmjs.org/graphql/-/graphql-0.6.2.tgz"
    },
    "graphql-relay": {
      "version": "0.4.3",
      "from": "graphql-relay@>=0.4.2 <0.5.0",
      "resolved": "https://registry.npmjs.org/graphql-relay/-/graphql-relay-0.4.3.tgz"
    },
    "has-ansi": {
      "version": "2.0.0",
      "from": "has-ansi@>=2.0.0 <3.0.0",
      "resolved": "https://registry.npmjs.org/has-ansi/-/has-ansi-2.0.0.tgz"
    },
    "history": {
      "version": "3.2.1",
      "from": "history@>=3.2.1 <4.0.0",
      "resolved": "https://registry.npmjs.org/history/-/history-3.2.1.tgz"
    },
    "hoist-non-react-statics": {
      "version": "1.2.0",
      "from": "hoist-non-react-statics@>=1.0.0 <2.0.0",
      "resolved": "https://registry.npmjs.org/hoist-non-react-statics/-/hoist-non-react-statics-1.2.0.tgz"
    },
    "http-errors": {
      "version": "1.5.0",
      "from": "http-errors@>=1.5.0 <1.6.0",
      "resolved": "https://registry.npmjs.org/http-errors/-/http-errors-1.5.0.tgz"
    },
    "iconv-lite": {
      "version": "0.4.13",
      "from": "iconv-lite@>=0.4.13 <0.5.0",
      "resolved": "https://registry.npmjs.org/iconv-lite/-/iconv-lite-0.4.13.tgz"
    },
    "immutable": {
      "version": "3.8.1",
      "from": "immutable@>=3.7.6 <4.0.0",
      "resolved": "https://registry.npmjs.org/immutable/-/immutable-3.8.1.tgz"
    },
    "inherits": {
      "version": "2.0.1",
      "from": "inherits@2.0.1",
      "resolved": "https://registry.npmjs.org/inherits/-/inherits-2.0.1.tgz"
    },
    "invariant": {
      "version": "2.2.1",
      "from": "invariant@>=2.0.0 <3.0.0",
      "resolved": "https://registry.npmjs.org/invariant/-/invariant-2.2.1.tgz"
    },
    "is-stream": {
      "version": "1.1.0",
      "from": "is-stream@>=1.0.1 <2.0.0",
      "resolved": "https://registry.npmjs.org/is-stream/-/is-stream-1.1.0.tgz"
    },
    "isomorphic-fetch": {
      "version": "2.2.1",
      "from": "isomorphic-fetch@>=2.1.1 <3.0.0",
      "resolved": "https://registry.npmjs.org/isomorphic-fetch/-/isomorphic-fetch-2.2.1.tgz"
    },
    "isomorphic-relay": {
      "version": "0.7.3",
      "from": "isomorphic-relay@>=0.7.1 <0.8.0",
      "resolved": "https://registry.npmjs.org/isomorphic-relay/-/isomorphic-relay-0.7.3.tgz"
    },
    "iterall": {
      "version": "1.0.2",
      "from": "iterall@1.0.2",
      "resolved": "https://registry.npmjs.org/iterall/-/iterall-1.0.2.tgz"
    },
    "js-tokens": {
      "version": "1.0.3",
      "from": "js-tokens@>=1.0.1 <2.0.0",
      "resolved": "https://registry.npmjs.org/js-tokens/-/js-tokens-1.0.3.tgz"
    },
    "keycode": {
      "version": "2.1.7",
      "from": "keycode@>=2.1.1 <3.0.0",
      "resolved": "https://registry.npmjs.org/keycode/-/keycode-2.1.7.tgz"
    },
    "lodash": {
      "version": "4.16.4",
      "from": "lodash@>=4.2.1 <5.0.0",
      "resolved": "https://registry.npmjs.org/lodash/-/lodash-4.16.4.tgz"
    },
    "lodash-compat": {
      "version": "3.10.2",
      "from": "lodash-compat@>=3.10.2 <4.0.0",
      "resolved": "https://registry.npmjs.org/lodash-compat/-/lodash-compat-3.10.2.tgz"
    },
    "lodash-es": {
      "version": "4.16.4",
      "from": "lodash-es@>=4.2.1 <5.0.0",
      "resolved": "https://registry.npmjs.org/lodash-es/-/lodash-es-4.16.4.tgz"
    },
    "lodash._basefor": {
      "version": "3.0.3",
      "from": "lodash._basefor@>=3.0.0 <4.0.0",
      "resolved": "https://registry.npmjs.org/lodash._basefor/-/lodash._basefor-3.0.3.tgz"
    },
    "lodash._getnative": {
      "version": "3.9.1",
      "from": "lodash._getnative@>=3.0.0 <4.0.0",
      "resolved": "https://registry.npmjs.org/lodash._getnative/-/lodash._getnative-3.9.1.tgz"
    },
    "lodash.isarguments": {
      "version": "3.1.0",
      "from": "lodash.isarguments@>=3.0.0 <4.0.0",
      "resolved": "https://registry.npmjs.org/lodash.isarguments/-/lodash.isarguments-3.1.0.tgz"
    },
    "lodash.isarray": {
      "version": "3.0.4",
      "from": "lodash.isarray@>=3.0.0 <4.0.0",
      "resolved": "https://registry.npmjs.org/lodash.isarray/-/lodash.isarray-3.0.4.tgz"
    },
    "lodash.isplainobject": {
      "version": "3.2.0",
      "from": "lodash.isplainobject@>=3.2.0 <4.0.0",
      "resolved": "https://registry.npmjs.org/lodash.isplainobject/-/lodash.isplainobject-3.2.0.tgz"
    },
    "lodash.keys": {
      "version": "3.1.2",
      "from": "lodash.keys@>=3.1.2 <4.0.0",
      "resolved": "https://registry.npmjs.org/lodash.keys/-/lodash.keys-3.1.2.tgz"
    },
    "lodash.keysin": {
      "version": "3.0.8",
      "from": "lodash.keysin@>=3.0.0 <4.0.0",
      "resolved": "https://registry.npmjs.org/lodash.keysin/-/lodash.keysin-3.0.8.tgz"
    },
    "loose-envify": {
      "version": "1.2.0",
      "from": "loose-envify@>=1.0.0 <2.0.0",
      "resolved": "https://registry.npmjs.org/loose-envify/-/loose-envify-1.2.0.tgz"
    },
    "mantra-core": {
      "version": "1.7.0",
      "from": "mantra-core@>=1.7.0 <2.0.0",
      "resolved": "https://registry.npmjs.org/mantra-core/-/mantra-core-1.7.0.tgz"
    },
    "merge": {
      "version": "1.2.0",
      "from": "merge@>=1.1.3 <2.0.0",
      "resolved": "https://registry.npmjs.org/merge/-/merge-1.2.0.tgz"
    },
    "mime-db": {
      "version": "1.24.0",
      "from": "mime-db@>=1.24.0 <1.25.0",
      "resolved": "https://registry.npmjs.org/mime-db/-/mime-db-1.24.0.tgz"
    },
    "mime-types": {
      "version": "2.1.12",
      "from": "mime-types@>=2.1.11 <2.2.0",
      "resolved": "https://registry.npmjs.org/mime-types/-/mime-types-2.1.12.tgz"
    },
    "min-document": {
      "version": "2.19.0",
      "from": "min-document@>=2.19.0 <3.0.0",
      "resolved": "https://registry.npmjs.org/min-document/-/min-document-2.19.0.tgz"
    },
    "mobx": {
      "version": "2.6.0",
      "from": "mobx@>=2.3.4 <3.0.0",
      "resolved": "https://registry.npmjs.org/mobx/-/mobx-2.6.0.tgz"
    },
    "moment": {
      "version": "2.15.2",
      "from": "moment@latest",
      "resolved": "https://registry.npmjs.org/moment/-/moment-2.15.2.tgz"
    },
    "ms": {
      "version": "0.7.1",
      "from": "ms@0.7.1",
      "resolved": "https://registry.npmjs.org/ms/-/ms-0.7.1.tgz"
    },
    "negotiator": {
      "version": "0.6.1",
      "from": "negotiator@0.6.1",
      "resolved": "https://registry.npmjs.org/negotiator/-/negotiator-0.6.1.tgz"
    },
    "node-fetch": {
      "version": "1.6.3",
      "from": "node-fetch@>=1.0.1 <2.0.0",
      "resolved": "https://registry.npmjs.org/node-fetch/-/node-fetch-1.6.3.tgz"
    },
    "object-assign": {
      "version": "4.1.0",
      "from": "object-assign@>=4.1.0 <5.0.0",
      "resolved": "https://registry.npmjs.org/object-assign/-/object-assign-4.1.0.tgz"
    },
    "performance-now": {
      "version": "0.2.0",
      "from": "performance-now@>=0.2.0 <0.3.0",
      "resolved": "https://registry.npmjs.org/performance-now/-/performance-now-0.2.0.tgz"
    },
    "promise": {
      "version": "7.1.1",
      "from": "promise@>=7.1.1 <8.0.0",
      "resolved": "https://registry.npmjs.org/promise/-/promise-7.1.1.tgz"
    },
    "pubsub-js": {
      "version": "1.5.4",
      "from": "pubsub-js@>=1.5.3 <2.0.0",
      "resolved": "https://registry.npmjs.org/pubsub-js/-/pubsub-js-1.5.4.tgz"
    },
    "query-string": {
      "version": "4.2.3",
      "from": "query-string@>=4.1.0 <5.0.0",
      "resolved": "https://registry.npmjs.org/query-string/-/query-string-4.2.3.tgz"
    },
    "raf": {
      "version": "3.3.0",
      "from": "raf@>=3.1.0 <4.0.0",
      "resolved": "https://registry.npmjs.org/raf/-/raf-3.3.0.tgz"
    },
    "raw-body": {
      "version": "2.1.7",
      "from": "raw-body@>=2.1.0 <3.0.0",
      "resolved": "https://registry.npmjs.org/raw-body/-/raw-body-2.1.7.tgz"
    },
    "react": {
      "version": "15.3.2",
      "from": "react@>=15.0.0 <16.0.0",
      "resolved": "https://registry.npmjs.org/react/-/react-15.3.2.tgz"
    },
    "react-bootstrap": {
      "version": "0.30.6",
      "from": "react-bootstrap@latest",
      "resolved": "https://registry.npmjs.org/react-bootstrap/-/react-bootstrap-0.30.6.tgz"
    },
    "react-datetime": {
      "version": "2.6.2",
      "from": "https://registry.npmjs.org/react-datetime/-/react-datetime-2.6.2.tgz",
      "resolved": "https://registry.npmjs.org/react-datetime/-/react-datetime-2.6.2.tgz",
      "dependencies": {
        "object-assign": {
          "version": "3.0.0",
          "from": "object-assign@>=3.0.0 <4.0.0",
          "resolved": "https://registry.npmjs.org/object-assign/-/object-assign-3.0.0.tgz"
        }
      }
    },
    "react-deep-force-update": {
      "version": "2.0.1",
      "from": "react-deep-force-update@>=2.0.1 <3.0.0",
      "resolved": "https://registry.npmjs.org/react-deep-force-update/-/react-deep-force-update-2.0.1.tgz"
    },
    "react-dom": {
      "version": "15.3.2",
      "from": "react-dom@>=15.0.0 <16.0.0",
      "resolved": "https://registry.npmjs.org/react-dom/-/react-dom-15.3.2.tgz"
    },
    "react-hot-loader": {
      "version": "3.0.0-beta.6",
      "from": "react-hot-loader@>=3.0.0-beta.2 <4.0.0",
      "resolved": "https://registry.npmjs.org/react-hot-loader/-/react-hot-loader-3.0.0-beta.6.tgz",
      "dependencies": {
        "source-map": {
          "version": "0.4.4",
          "from": "source-map@>=0.4.4 <0.5.0",
          "resolved": "https://registry.npmjs.org/source-map/-/source-map-0.4.4.tgz"
        }
      }
    },
    "react-komposer": {
      "version": "1.13.1",
      "from": "react-komposer@>=1.9.0 <2.0.0",
      "resolved": "https://registry.npmjs.org/react-komposer/-/react-komposer-1.13.1.tgz"
    },
    "react-motion": {
      "version": "0.4.5",
      "from": "react-motion@>=0.4.4 <0.5.0",
      "resolved": "https://registry.npmjs.org/react-motion/-/react-motion-0.4.5.tgz"
    },
    "react-mounter": {
      "version": "1.2.0",
      "from": "react-mounter@>=1.2.0 <2.0.0",
      "resolved": "https://registry.npmjs.org/react-mounter/-/react-mounter-1.2.0.tgz",
      "dependencies": {
        "domready": {
          "version": "1.0.8",
          "from": "domready@>=1.0.0 <2.0.0",
          "resolved": "https://registry.npmjs.org/domready/-/domready-1.0.8.tgz"
        }
      }
    },
    "react-onclickoutside": {
      "version": "4.9.0",
      "from": "react-onclickoutside@>=4.1.0 <5.0.0",
      "resolved": "https://registry.npmjs.org/react-onclickoutside/-/react-onclickoutside-4.9.0.tgz"
    },
    "react-overlays": {
      "version": "0.6.10",
      "from": "react-overlays@>=0.6.10 <0.7.0",
      "resolved": "https://registry.npmjs.org/react-overlays/-/react-overlays-0.6.10.tgz"
    },
    "react-prop-types": {
      "version": "0.4.0",
      "from": "react-prop-types@>=0.4.0 <0.5.0",
      "resolved": "https://registry.npmjs.org/react-prop-types/-/react-prop-types-0.4.0.tgz"
    },
    "react-proxy": {
      "version": "3.0.0-alpha.1",
      "from": "react-proxy@>=3.0.0-alpha.0 <4.0.0",
      "resolved": "https://registry.npmjs.org/react-proxy/-/react-proxy-3.0.0-alpha.1.tgz"
    },
    "react-redux": {
      "version": "4.4.5",
      "from": "react-redux@>=4.4.5 <5.0.0",
      "resolved": "https://registry.npmjs.org/react-redux/-/react-redux-4.4.5.tgz"
    },
    "react-relay": {
      "version": "0.9.3",
      "from": "react-relay@>=0.9.1 <0.10.0",
      "resolved": "https://registry.npmjs.org/react-relay/-/react-relay-0.9.3.tgz"
    },
    "react-router": {
      "version": "3.0.0",
      "from": "react-router@>=3.0.0-alpha.3 <4.0.0",
      "resolved": "https://registry.npmjs.org/react-router/-/react-router-3.0.0.tgz"
    },
    "react-router-redux": {
      "version": "4.0.7",
      "from": "react-router-redux@>=4.0.5 <5.0.0",
      "resolved": "https://registry.npmjs.org/react-router-redux/-/react-router-redux-4.0.7.tgz"
    },
    "react-simple-di": {
      "version": "1.2.0",
      "from": "react-simple-di@>=1.2.0 <2.0.0",
      "resolved": "https://registry.npmjs.org/react-simple-di/-/react-simple-di-1.2.0.tgz"
    },
    "react-static-container": {
      "version": "1.0.1",
      "from": "react-static-container@>=1.0.1 <2.0.0",
      "resolved": "https://registry.npmjs.org/react-static-container/-/react-static-container-1.0.1.tgz"
    },
    "redbox-react": {
      "version": "1.3.2",
      "from": "redbox-react@>=1.2.2 <2.0.0",
      "resolved": "https://registry.npmjs.org/redbox-react/-/redbox-react-1.3.2.tgz"
    },
    "reduce-reducers": {
      "version": "0.1.2",
      "from": "reduce-reducers@>=0.1.0 <0.2.0",
      "resolved": "https://registry.npmjs.org/reduce-reducers/-/reduce-reducers-0.1.2.tgz"
    },
    "redux": {
      "version": "3.6.0",
      "from": "redux@>=3.5.2 <4.0.0",
      "resolved": "https://registry.npmjs.org/redux/-/redux-3.6.0.tgz"
    },
    "redux-actions": {
      "version": "0.9.1",
      "from": "redux-actions@>=0.9.1 <0.10.0",
      "resolved": "https://registry.npmjs.org/redux-actions/-/redux-actions-0.9.1.tgz"
    },
    "redux-thunk": {
      "version": "2.1.0",
      "from": "redux-thunk@>=2.1.0 <3.0.0",
      "resolved": "https://registry.npmjs.org/redux-thunk/-/redux-thunk-2.1.0.tgz"
    },
    "regenerator-runtime": {
      "version": "0.9.5",
      "from": "regenerator-runtime@>=0.9.5 <0.10.0",
      "resolved": "https://registry.npmjs.org/regenerator-runtime/-/regenerator-runtime-0.9.5.tgz"
    },
    "request-frame": {
      "version": "1.5.3",
      "from": "request-frame@>=1.4.1 <2.0.0",
      "resolved": "https://registry.npmjs.org/request-frame/-/request-frame-1.5.3.tgz"
    },
    "setprototypeof": {
      "version": "1.0.1",
      "from": "setprototypeof@1.0.1",
      "resolved": "https://registry.npmjs.org/setprototypeof/-/setprototypeof-1.0.1.tgz"
    },
    "shallowequal": {
      "version": "0.2.2",
      "from": "shallowequal@>=0.2.0 <0.3.0",
      "resolved": "https://registry.npmjs.org/shallowequal/-/shallowequal-0.2.2.tgz"
    },
    "stackframe": {
      "version": "0.3.1",
      "from": "stackframe@>=0.3.1 <0.4.0",
      "resolved": "https://registry.npmjs.org/stackframe/-/stackframe-0.3.1.tgz"
    },
    "statuses": {
      "version": "1.3.0",
      "from": "statuses@>=1.3.0 <1.4.0",
      "resolved": "https://registry.npmjs.org/statuses/-/statuses-1.3.0.tgz"
    },
    "stream-consume": {
      "version": "0.1.0",
      "from": "stream-consume@>=0.1.0 <0.2.0",
      "resolved": "https://registry.npmjs.org/stream-consume/-/stream-consume-0.1.0.tgz"
    },
    "strict-uri-encode": {
      "version": "1.1.0",
      "from": "strict-uri-encode@>=1.0.0 <2.0.0",
      "resolved": "https://registry.npmjs.org/strict-uri-encode/-/strict-uri-encode-1.1.0.tgz"
    },
    "strip-ansi": {
      "version": "3.0.1",
      "from": "strip-ansi@>=3.0.0 <4.0.0",
      "resolved": "https://registry.npmjs.org/strip-ansi/-/strip-ansi-3.0.1.tgz"
    },
    "symbol-observable": {
      "version": "1.0.4",
      "from": "symbol-observable@>=1.0.2 <2.0.0",
      "resolved": "https://registry.npmjs.org/symbol-observable/-/symbol-observable-1.0.4.tgz"
    },
    "tcomb": {
      "version": "3.2.15",
      "from": "tcomb@>=3.0.0 <4.0.0",
      "resolved": "https://registry.npmjs.org/tcomb/-/tcomb-3.2.15.tgz"
    },
    "tcomb-form": {
      "version": "0.9.10",
      "from": "tcomb-form@latest",
      "resolved": "https://registry.npmjs.org/tcomb-form/-/tcomb-form-0.9.10.tgz"
    },
    "tcomb-form-templates-bootstrap": {
      "version": "0.2.2",
      "from": "tcomb-form-templates-bootstrap@>=0.2.0 <0.3.0",
      "resolved": "https://registry.npmjs.org/tcomb-form-templates-bootstrap/-/tcomb-form-templates-bootstrap-0.2.2.tgz"
    },
    "tcomb-validation": {
      "version": "3.2.2",
      "from": "tcomb-validation@>=3.0.0 <4.0.0",
      "resolved": "https://registry.npmjs.org/tcomb-validation/-/tcomb-validation-3.2.2.tgz"
    },
    "to-fast-properties": {
      "version": "1.0.2",
      "from": "to-fast-properties@>=1.0.1 <2.0.0",
      "resolved": "https://registry.npmjs.org/to-fast-properties/-/to-fast-properties-1.0.2.tgz"
    },
    "ua-parser-js": {
      "version": "0.7.10",
      "from": "ua-parser-js@>=0.7.9 <0.8.0",
      "resolved": "https://registry.npmjs.org/ua-parser-js/-/ua-parser-js-0.7.10.tgz"
    },
    "uncontrollable": {
      "version": "4.0.3",
      "from": "uncontrollable@>=4.0.1 <5.0.0",
      "resolved": "https://registry.npmjs.org/uncontrollable/-/uncontrollable-4.0.3.tgz"
    },
    "unpipe": {
      "version": "1.0.0",
      "from": "unpipe@>=1.0.0 <1.1.0",
      "resolved": "https://registry.npmjs.org/unpipe/-/unpipe-1.0.0.tgz"
    },
    "warning": {
      "version": "3.0.0",
      "from": "warning@>=3.0.0 <4.0.0",
      "resolved": "https://registry.npmjs.org/warning/-/warning-3.0.0.tgz"
    },
    "watch": {
      "version": "0.19.3",
      "from": "watch@>=0.19.1 <0.20.0",
      "resolved": "https://registry.npmjs.org/watch/-/watch-0.19.3.tgz",
      "dependencies": {
        "minimist": {
          "version": "1.2.0",
          "from": "minimist@>=1.2.0 <2.0.0",
          "resolved": "https://registry.npmjs.org/minimist/-/minimist-1.2.0.tgz"
        }
      }
    },
    "whatwg-fetch": {
      "version": "1.0.0",
      "from": "whatwg-fetch@>=0.10.0",
      "resolved": "https://registry.npmjs.org/whatwg-fetch/-/whatwg-fetch-1.0.0.tgz"
    }
  }
}
